
Microsoft Visual Studio Solution File, Format Version 12.00
# Visual Studio Version 17
VisualStudioVersion = 17.14.36623.8 d17.14
MinimumVisualStudioVersion = 10.0.40219.1
Project("{FAE04EC0-301F-11D3-BF4B-00C04F79EFBC}") = "HR", "HR\HR.csproj", "{13C54860-AE14-4DFA-BE87-C0205CEF3CBA}"
EndProject
Global
	GlobalSection(SolutionConfigurationPlatforms) = preSolution
		Debug|Any CPU = Debug|Any CPU
		Release|Any CPU = Release|Any CPU
	EndGlobalSection
	GlobalSection(ProjectConfigurationPlatforms) = postSolution
		{13C54860-AE14-4DFA-BE87-C0205CEF3CBA}.Debug|Any CPU.ActiveCfg = Debug|Any CPU
		{13C54860-AE14-4DFA-BE87-C0205CEF3CBA}.Debug|Any CPU.Build.0 = Debug|Any CPU
		{13C54860-AE14-4DFA-BE87-C0205CEF3CBA}.Release|Any CPU.ActiveCfg = Release|Any CPU
		{13C54860-AE14-4DFA-BE87-C0205CEF3CBA}.Release|Any CPU.Build.0 = Release|Any CPU
	EndGlobalSection
	GlobalSection(SolutionProperties) = preSolution
		HideSolutionNode = FALSE
	EndGlobalSection
	GlobalSection(ExtensibilityGlobals) = postSolution
		SolutionGuid = {E9EBB4D5-4361-4A3D-8664-B24A0BAF9463}
	EndGlobalSection
EndGlobal
